
Microsoft Visual Studio Solution File, Format Version 12.00
# Visual Studio Version 16
VisualStudioVersion = 16.0.31424.327
MinimumVisualStudioVersion = 10.0.40219.1
Project("{888888A0-9F3D-457C-B088-3A5042F75D52}") = "audioDisplayINT", "audioDisplayINT.pyproj", "{CE0E31F1-9874-4F00-8900-19FE7F441001}"
EndProject
Global
	GlobalSection(SolutionConfigurationPlatforms) = preSolution
		Debug|Any CPU = Debug|Any CPU
		Release|Any CPU = Release|Any CPU
	EndGlobalSection
	GlobalSection(ProjectConfigurationPlatforms) = postSolution
		{CE0E31F1-9874-4F00-8900-19FE7F441001}.Debug|Any CPU.ActiveCfg = Debug|Any CPU
		{CE0E31F1-9874-4F00-8900-19FE7F441001}.Release|Any CPU.ActiveCfg = Release|Any CPU
	EndGlobalSection
	GlobalSection(SolutionProperties) = preSolution
		HideSolutionNode = FALSE
	EndGlobalSection
	GlobalSection(ExtensibilityGlobals) = postSolution
		SolutionGuid = {4F11317C-114E-458B-A4EA-B0F824FB06E3}
	EndGlobalSection
EndGlobal
