
Microsoft Visual Studio Solution File, Format Version 12.00
# Visual Studio Version 16
VisualStudioVersion = 16.0.31424.327
MinimumVisualStudioVersion = 10.0.40219.1
Project("{888888A0-9F3D-457C-B088-3A5042F75D52}") = "cubic_spline_example", "cubic_spline_example.pyproj", "{BFEFFCDC-D940-455E-AFEC-CC99C8A19D57}"
EndProject
Global
	GlobalSection(SolutionConfigurationPlatforms) = preSolution
		Debug|Any CPU = Debug|Any CPU
		Release|Any CPU = Release|Any CPU
	EndGlobalSection
	GlobalSection(ProjectConfigurationPlatforms) = postSolution
		{BFEFFCDC-D940-455E-AFEC-CC99C8A19D57}.Debug|Any CPU.ActiveCfg = Debug|Any CPU
		{BFEFFCDC-D940-455E-AFEC-CC99C8A19D57}.Release|Any CPU.ActiveCfg = Release|Any CPU
	EndGlobalSection
	GlobalSection(SolutionProperties) = preSolution
		HideSolutionNode = FALSE
	EndGlobalSection
	GlobalSection(ExtensibilityGlobals) = postSolution
		SolutionGuid = {111F7440-170D-4C08-84E7-B98EB14469CA}
	EndGlobalSection
EndGlobal
