
Microsoft Visual Studio Solution File, Format Version 12.00
# Visual Studio Version 16
VisualStudioVersion = 16.0.31424.327
MinimumVisualStudioVersion = 10.0.40219.1
Project("{888888A0-9F3D-457C-B088-3A5042F75D52}") = "display_INT", "display_INT.pyproj", "{0B0EC6FA-FC0C-47FF-A226-E3ABE14A6C84}"
EndProject
Global
	GlobalSection(SolutionConfigurationPlatforms) = preSolution
		Debug|Any CPU = Debug|Any CPU
		Release|Any CPU = Release|Any CPU
	EndGlobalSection
	GlobalSection(ProjectConfigurationPlatforms) = postSolution
		{0B0EC6FA-FC0C-47FF-A226-E3ABE14A6C84}.Debug|Any CPU.ActiveCfg = Debug|Any CPU
		{0B0EC6FA-FC0C-47FF-A226-E3ABE14A6C84}.Release|Any CPU.ActiveCfg = Release|Any CPU
	EndGlobalSection
	GlobalSection(SolutionProperties) = preSolution
		HideSolutionNode = FALSE
	EndGlobalSection
	GlobalSection(ExtensibilityGlobals) = postSolution
		SolutionGuid = {E1BA39B2-38AE-46B3-B9CE-CE15C8A965AB}
	EndGlobalSection
EndGlobal
